
Microsoft Visual Studio Solution File, Format Version 12.00
# Visual Studio Version 17
VisualStudioVersion = 17.3.32901.215
MinimumVisualStudioVersion = 10.0.40219.1
Project("{FAE04EC0-301F-11D3-BF4B-00C04F79EFBC}") = "ClassMetotDemo", "ClassMetotDemo\ClassMetotDemo.csproj", "{FAF686BD-A23F-4471-8449-1AD2726EB735}"
EndProject
Global
	GlobalSection(SolutionConfigurationPlatforms) = preSolution
		Debug|Any CPU = Debug|Any CPU
		Release|Any CPU = Release|Any CPU
	EndGlobalSection
	GlobalSection(ProjectConfigurationPlatforms) = postSolution
		{FAF686BD-A23F-4471-8449-1AD2726EB735}.Debug|Any CPU.ActiveCfg = Debug|Any CPU
		{FAF686BD-A23F-4471-8449-1AD2726EB735}.Debug|Any CPU.Build.0 = Debug|Any CPU
		{FAF686BD-A23F-4471-8449-1AD2726EB735}.Release|Any CPU.ActiveCfg = Release|Any CPU
		{FAF686BD-A23F-4471-8449-1AD2726EB735}.Release|Any CPU.Build.0 = Release|Any CPU
	EndGlobalSection
	GlobalSection(SolutionProperties) = preSolution
		HideSolutionNode = FALSE
	EndGlobalSection
	GlobalSection(ExtensibilityGlobals) = postSolution
		SolutionGuid = {392CA298-4477-44B3-8011-DB5647278970}
	EndGlobalSection
EndGlobal
